// !$*UTF8*$!
{
	archiveVersion = 1;
	classes = {
	};
	objectVersion = 46;
	objects = {

/* Begin PBXBuildFile section */
		4890FCB81A6D87E000AF28A9 /* AppDelegate.swift in Sources */ = {isa = PBXBuildFile; fileRef = 4890FCB71A6D87E000AF28A9 /* AppDelegate.swift */; };
		4890FCBA1A6D87E000AF28A9 /* ViewController.swift in Sources */ = {isa = PBXBuildFile; fileRef = 4890FCB91A6D87E000AF28A9 /* ViewController.swift */; };
		4890FCBD1A6D87E000AF28A9 /* Main.storyboard in Resources */ = {isa = PBXBuildFile; fileRef = 4890FCBB1A6D87E000AF28A9 /* Main.storyboard */; };
		4890FCBF1A6D87E000AF28A9 /* Images.xcassets in Resources */ = {isa = PBXBuildFile; fileRef = 4890FCBE1A6D87E000AF28A9 /* Images.xcassets */; };
		4890FCC21A6D87E000AF28A9 /* LaunchScreen.xib in Resources */ = {isa = PBXBuildFile; fileRef = 4890FCC01A6D87E000AF28A9 /* LaunchScreen.xib */; };
		4890FCCE1A6D87E000AF28A9 /* HelloWorldTests.swift in Sources */ = {isa = PBXBuildFile; fileRef = 4890FCCD1A6D87E000AF28A9 /* HelloWorldTests.swift */; };
/* End PBXBuildFile section */

/* Begin PBXContainerItemProxy section */
		4890FCC81A6D87E000AF28A9 /* PBXContainerItemProxy */ = {
			isa = PBXContainerItemProxy;
			containerPortal = 4890FCAA1A6D87E000AF28A9 /* Project object */;
			proxyType = 1;
			remoteGlobalIDString = 4890FCB11A6D87E000AF28A9;
			remoteInfo = HelloWorld;
		};
/* End PBXContainerItemProxy section */

/* Begin PBXFileReference section */
		4890FCB21A6D87E000AF28A9 /* HelloWorld.app */ = {isa = PBXFileReference; explicitFileType = wrapper.application; includeInIndex = 0; path = HelloWorld.app; sourceTree = BUILT_PRODUCTS_DIR; };
		4890FCB61A6D87E000AF28A9 /* Info.plist */ = {isa = PBXFileReference; lastKnownFileType = text.plist.xml; path = Info.plist; sourceTree = "<group>"; };
		4890FCB71A6D87E000AF28A9 /* AppDelegate.swift */ = {isa = PBXFileReference; lastKnownFileType = sourcecode.swift; path = AppDelegate.swift; sourceTree = "<group>"; };
		4890FCB91A6D87E000AF28A9 /* ViewController.swift */ = {isa = PBXFileReference; lastKnownFileType = sourcecode.swift; path = ViewController.swift; sourceTree = "<group>"; };
		4890FCBC1A6D87E000AF28A9 /* Base */ = {isa = PBXFileReference; lastKnownFileType = file.storyboard; name = Base; path = Base.lproj/Main.storyboard; sourceTree = "<group>"; };
		4890FCBE1A6D87E000AF28A9 /* Images.xcassets */ = {isa = PBXFileReference; lastKnownFileType = folder.assetcatalog; path = Images.xcassets; sourceTree = "<group>"; };
		4890FCC11A6D87E000AF28A9 /* Base */ = {isa = PBXFileReference; lastKnownFileType = file.xib; name = Base; path = Base.lproj/LaunchScreen.xib; sourceTree = "<group>"; };
		4890FCC71A6D87E000AF28A9 /* HelloWorldTests.xctest */ = {isa = PBXFileReference; explicitFileType = wrapper.cfbundle; includeInIndex = 0; path = HelloWorldTests.xctest; sourceTree = BUILT_PRODUCTS_DIR; };
		4890FCCC1A6D87E000AF28A9 /* Info.plist */ = {isa = PBXFileReference; lastKnownFileType = text.plist.xml; path = Info.plist; sourceTree = "<group>"; };
		4890FCCD1A6D87E000AF28A9 /* HelloWorldTests.swift */ = {isa = PBXFileReference; lastKnownFileType = sourcecode.swift; path = HelloWorldTests.swift; sourceTree = "<group>"; };
/* End PBXFileReference section */

/* Begin PBXFrameworksBuildPhase section */
		4890FCAF1A6D87E000AF28A9 /* Frameworks */ = {
			isa = PBXFrameworksBuildPhase;
			buildActionMask = 2147483647;
			files = (
			);
			runOnlyForDeploymentPostprocessing = 0;
		};
		4890FCC41A6D87E000AF28A9 /* Frameworks */ = {
			isa = PBXFrameworksBuildPhase;
			buildActionMask = 2147483647;
			files = (
			);
			runOnlyForDeploymentPostprocessing = 0;
		};
/* End PBXFrameworksBuildPhase section */

/* Begin PBXGroup section */
		4890FCA91A6D87E000AF28A9 = {
			isa = PBXGroup;
			children = (
				4890FCB41A6D87E000AF28A9 /* HelloWorld */,
				4890FCCA1A6D87E000AF28A9 /* HelloWorldTests */,
				4890FCB31A6D87E000AF28A9 /* Products */,
			);
			sourceTree = "<group>";
		};
		4890FCB31A6D87E000AF28A9 /* Products */ = {
			isa = PBXGroup;
			children = (
				4890FCB21A6D87E000AF28A9 /* HelloWorld.app */,
				4890FCC71A6D87E000AF28A9 /* HelloWorldTests.xctest */,
			);
			name = Products;
			sourceTree = "<group>";
		};
		4890FCB41A6D87E000AF28A9 /* HelloWorld */ = {
			isa = PBXGroup;
			children = (
				4890FCB71A6D87E000AF28A9 /* AppDelegate.swift */,
				4890FCB91A6D87E000AF28A9 /* ViewController.swift */,
				4890FCBB1A6D87E000AF28A9 /* Main.storyboard */,
				4890FCBE1A6D87E000AF28A9 /* Images.xcassets */,
				4890FCC01A6D87E000AF28A9 /* LaunchScreen.xib */,
				4890FCB51A6D87E000AF28A9 /* Supporting Files */,
			);
			path = HelloWorld;
			sourceTree = "<group>";
		};
		4890FCB51A6D87E000AF28A9 /* Supporting Files */ = {
			isa = PBXGroup;
			children = (
				4890FCB61A6D87E000AF28A9 /* Info.plist */,
			);
			name = "Supporting Files";
			sourceTree = "<group>";
		};
		4890FCCA1A6D87E000AF28A9 /* HelloWorldTests */ = {
			isa = PBXGroup;
			children = (
				4890FCCD1A6D87E000AF28A9 /* HelloWorldTests.swift */,
				4890FCCB1A6D87E000AF28A9 /* Supporting Files */,
			);
			path = HelloWorldTests;
			sourceTree = "<group>";
		};
		4890FCCB1A6D87E000AF28A9 /* Supporting Files */ = {
			isa = PBXGroup;
			children = (
				4890FCCC1A6D87E000AF28A9 /* Info.plist */,
			);
			name = "Supporting Files";
			sourceTree = "<group>";
		};
/* End PBXGroup section */

/* Begin PBXNativeTarget section */
		4890FCB11A6D87E000AF28A9 /* HelloWorld */ = {
			isa = PBXNativeTarget;
			buildConfigurationList = 4890FCD11A6D87E000AF28A9 /* Build configuration list for PBXNativeTarget "HelloWorld" */;
			buildPhases = (
				4890FCAE1A6D87E000AF28A9 /* Sources */,
				4890FCAF1A6D87E000AF28A9 /* Frameworks */,
				4890FCB01A6D87E000AF28A9 /* Resources */,
			);
			buildRules = (
			);
			dependencies = (
			);
			name = HelloWorld;
			productName = HelloWorld;
			productReference = 4890FCB21A6D87E000AF28A9 /* HelloWorld.app */;
			productType = "com.apple.product-type.application";
		};
		4890FCC61A6D87E000AF28A9 /* HelloWorldTests */ = {
			isa = PBXNativeTarget;
			buildConfigurationList = 4890FCD41A6D87E000AF28A9 /* Build configuration list for PBXNativeTarget "HelloWorldTests" */;
			buildPhases = (
				4890FCC31A6D87E000AF28A9 /* Sources */,
				4890FCC41A6D87E000AF28A9 /* Frameworks */,
				4890FCC51A6D87E000AF28A9 /* Resources */,
			);
			buildRules = (
			);
			dependencies = (
				4890FCC91A6D87E000AF28A9 /* PBXTargetDependency */,
			);
			name = HelloWorldTests;
			productName = HelloWorldTests;
			productReference = 4890FCC71A6D87E000AF28A9 /* HelloWorldTests.xctest */;
			productType = "com.apple.product-type.bundle.unit-test";
		};
/* End PBXNativeTarget section */

/* Begin PBXProject section */
		4890FCAA1A6D87E000AF28A9 /* Project object */ = {
			isa = PBXProject;
			attributes = {
				LastUpgradeCheck = 0610;
				ORGANIZATIONNAME = "Christopher Trevino";
				TargetAttributes = {
					4890FCB11A6D87E000AF28A9 = {
						CreatedOnToolsVersion = 6.1.1;
					};
					4890FCC61A6D87E000AF28A9 = {
						CreatedOnToolsVersion = 6.1.1;
						TestTargetID = 4890FCB11A6D87E000AF28A9;
					};
				};
			};
			buildConfigurationList = 4890FCAD1A6D87E000AF28A9 /* Build configuration list for PBXProject "HelloWorld" */;
			compatibilityVersion = "Xcode 3.2";
			developmentRegion = English;
			hasScannedForEncodings = 0;
			knownRegions = (
				en,
				Base,
			);
			mainGroup = 4890FCA91A6D87E000AF28A9;
			productRefGroup = 4890FCB31A6D87E000AF28A9 /* Products */;
			projectDirPath = "";
			projectRoot = "";
			targets = (
				4890FCB11A6D87E000AF28A9 /* HelloWorld */,
				4890FCC61A6D87E000AF28A9 /* HelloWorldTests */,
			);
		};
/* End PBXProject section */

/* Begin PBXResourcesBuildPhase section */
		4890FCB01A6D87E000AF28A9 /* Resources */ = {
			isa = PBXResourcesBuildPhase;
			buildActionMask = 2147483647;
			files = (
				4890FCBD1A6D87E000AF28A9 /* Main.storyboard in Resources */,
				4890FCC21A6D87E000AF28A9 /* LaunchScreen.xib in Resources */,
				4890FCBF1A6D87E000AF28A9 /* Images.xcassets in Resources */,
			);
			runOnlyForDeploymentPostprocessing = 0;
		};
		4890FCC51A6D87E000AF28A9 /* Resources */ = {
			isa = PBXResourcesBuildPhase;
			buildActionMask = 2147483647;
			files = (
			);
			runOnlyForDeploymentPostprocessing = 0;
		};
/* End PBXResourcesBuildPhase section */

/* Begin PBXSourcesBuildPhase section */
		4890FCAE1A6D87E000AF28A9 /* Sources */ = {
			isa = PBXSourcesBuildPhase;
			buildActionMask = 2147483647;
			files = (
				4890FCBA1A6D87E000AF28A9 /* ViewController.swift in Sources */,
				4890FCB81A6D87E000AF28A9 /* AppDelegate.swift in Sources */,
			);
			runOnlyForDeploymentPostprocessing = 0;
		};
		4890FCC31A6D87E000AF28A9 /* Sources */ = {
			isa = PBXSourcesBuildPhase;
			buildActionMask = 2147483647;
			files = (
				4890FCCE1A6D87E000AF28A9 /* HelloWorldTests.swift in Sources */,
			);
			runOnlyForDeploymentPostprocessing = 0;
		};
/* End PBXSourcesBuildPhase section */

/* Begin PBXTargetDependency section */
		4890FCC91A6D87E000AF28A9 /* PBXTargetDependency */ = {
			isa = PBXTargetDependency;
			target = 4890FCB11A6D87E000AF28A9 /* HelloWorld */;
			targetProxy = 4890FCC81A6D87E000AF28A9 /* PBXContainerItemProxy */;
		};
/* End PBXTargetDependency section */

/* Begin PBXVariantGroup section */
		4890FCBB1A6D87E000AF28A9 /* Main.storyboard */ = {
			isa = PBXVariantGroup;
			children = (
				4890FCBC1A6D87E000AF28A9 /* Base */,
			);
			name = Main.storyboard;
			sourceTree = "<group>";
		};
		4890FCC01A6D87E000AF28A9 /* LaunchScreen.xib */ = {
			isa = PBXVariantGroup;
			children = (
				4890FCC11A6D87E000AF28A9 /* Base */,
			);
			name = LaunchScreen.xib;
			sourceTree = "<group>";
		};
/* End PBXVariantGroup section */

/* Begin XCBuildConfiguration section */
		4890FCCF1A6D87E000AF28A9 /* Debug */ = {
			isa = XCBuildConfiguration;
			buildSettings = {
				ALWAYS_SEARCH_USER_PATHS = NO;
				CLANG_CXX_LANGUAGE_STANDARD = "gnu++0x";
				CLANG_CXX_LIBRARY = "libc++";
				CLANG_ENABLE_MODULES = YES;
				CLANG_ENABLE_OBJC_ARC = YES;
				CLANG_WARN_BOOL_CONVERSION = YES;
				CLANG_WARN_CONSTANT_CONVERSION = YES;
				CLANG_WARN_DIRECT_OBJC_ISA_USAGE = YES_ERROR;
				CLANG_WARN_EMPTY_BODY = YES;
				CLANG_WARN_ENUM_CONVERSION = YES;
				CLANG_WARN_INT_CONVERSION = YES;
				CLANG_WARN_OBJC_ROOT_CLASS = YES_ERROR;
				CLANG_WARN_UNREACHABLE_CODE = YES;
				CLANG_WARN__DUPLICATE_METHOD_MATCH = YES;
				"CODE_SIGN_IDENTITY[sdk=iphoneos*]" = "iPhone Developer";
				COPY_PHASE_STRIP = NO;
				ENABLE_STRICT_OBJC_MSGSEND = YES;
				GCC_C_LANGUAGE_STANDARD = gnu99;
				GCC_DYNAMIC_NO_PIC = NO;
				GCC_OPTIMIZATION_LEVEL = 0;
				GCC_PREPROCESSOR_DEFINITIONS = (
					"DEBUG=1",
					"$(inherited)",
				);
				GCC_SYMBOLS_PRIVATE_EXTERN = NO;
				GCC_WARN_64_TO_32_BIT_CONVERSION = YES;
				GCC_WARN_ABOUT_RETURN_TYPE = YES_ERROR;
				GCC_WARN_UNDECLARED_SELECTOR = YES;
				GCC_WARN_UNINITIALIZED_AUTOS = YES_AGGRESSIVE;
				GCC_WARN_UNUSED_FUNCTION = YES;
				GCC_WARN_UNUSED_VARIABLE = YES;
				IPHONEOS_DEPLOYMENT_TARGET = 8.1;
				MTL_ENABLE_DEBUG_INFO = YES;
				ONLY_ACTIVE_ARCH = YES;
				SDKROOT = iphoneos;
				SWIFT_OPTIMIZATION_LEVEL = "-Onone";
			};
			name = Debug;
		};
		4890FCD01A6D87E000AF28A9 /* Release */ = {
			isa = XCBuildConfiguration;
			buildSettings = {
				ALWAYS_SEARCH_USER_PATHS = NO;
				CLANG_CXX_LANGUAGE_STANDARD = "gnu++0x";
				CLANG_CXX_LIBRARY = "libc++";
				CLANG_ENABLE_MODULES = YES;
				CLANG_ENABLE_OBJC_ARC = YES;
				CLANG_WARN_BOOL_CONVERSION = YES;
				CLANG_WARN_CONSTANT_CONVERSION = YES;
				CLANG_WARN_DIRECT_OBJC_ISA_USAGE = YES_ERROR;
				CLANG_WARN_EMPTY_BODY = YES;
				CLANG_WARN_ENUM_CONVERSION = YES;
				CLANG_WARN_INT_CONVERSION = YES;
				CLANG_WARN_OBJC_ROOT_CLASS = YES_ERROR;
				CLANG_WARN_UNREACHABLE_CODE = YES;
				CLANG_WARN__DUPLICATE_METHOD_MATCH = YES;
				"CODE_SIGN_IDENTITY[sdk=iphoneos*]" = "iPhone Developer";
				COPY_PHASE_STRIP = YES;
				ENABLE_NS_ASSERTIONS = NO;
				ENABLE_STRICT_OBJC_MSGSEND = YES;
				GCC_C_LANGUAGE_STANDARD = gnu99;
				GCC_WARN_64_TO_32_BIT_CONVERSION = YES;
				GCC_WARN_ABOUT_RETURN_TYPE = YES_ERROR;
				GCC_WARN_UNDECLARED_SELECTOR = YES;
				GCC_WARN_UNINITIALIZED_AUTOS = YES_AGGRESSIVE;
				GCC_WARN_UNUSED_FUNCTION = YES;
				GCC_WARN_UNUSED_VARIABLE = YES;
				IPHONEOS_DEPLOYMENT_TARGET = 8.1;
				MTL_ENABLE_DEBUG_INFO = NO;
				SDKROOT = iphoneos;
				VALIDATE_PRODUCT = YES;
			};
			name = Release;
		};
		4890FCD21A6D87E000AF28A9 /* Debug */ = {
			isa = XCBuildConfiguration;
			buildSettings = {
				ASSETCATALOG_COMPILER_APPICON_NAME = AppIcon;
				INFOPLIST_FILE = HelloWorld/Info.plist;
				LD_RUNPATH_SEARCH_PATHS = "$(inherited) @executable_path/Frameworks";
				PRODUCT_NAME = "$(TARGET_NAME)";
			};
			name = Debug;
		};
		4890FCD31A6D87E000AF28A9 /* Release */ = {
			isa = XCBuildConfiguration;
			buildSettings = {
				ASSETCATALOG_COMPILER_APPICON_NAME = AppIcon;
				INFOPLIST_FILE = HelloWorld/Info.plist;
				LD_RUNPATH_SEARCH_PATHS = "$(inherited) @executable_path/Frameworks";
				PRODUCT_NAME = "$(TARGET_NAME)";
			};
			name = Release;
		};
		4890FCD51A6D87E000AF28A9 /* Debug */ = {
			isa = XCBuildConfiguration;
			buildSettings = {
				BUNDLE_LOADER = "$(TEST_HOST)";
				FRAMEWORK_SEARCH_PATHS = (
					"$(SDKROOT)/Developer/Library/Frameworks",
					"$(inherited)",
				);
				GCC_PREPROCESSOR_DEFINITIONS = (
					"DEBUG=1",
					"$(inherited)",
				);
				INFOPLIST_FILE = HelloWorldTests/Info.plist;
				LD_RUNPATH_SEARCH_PATHS = "$(inherited) @executable_path/Frameworks @loader_path/Frameworks";
				PRODUCT_NAME = "$(TARGET_NAME)";
				TEST_HOST = "$(BUILT_PRODUCTS_DIR)/HelloWorld.app/HelloWorld";
			};
			name = Debug;
		};
		4890FCD61A6D87E000AF28A9 /* Release */ = {
			isa = XCBuildConfiguration;
			buildSettings = {
				BUNDLE_LOADER = "$(TEST_HOST)";
				FRAMEWORK_SEARCH_PATHS = (
					"$(SDKROOT)/Developer/Library/Frameworks",
					"$(inherited)",
				);
				INFOPLIST_FILE = HelloWorldTests/Info.plist;
				LD_RUNPATH_SEARCH_PATHS = "$(inherited) @executable_path/Frameworks @loader_path/Frameworks";
				PRODUCT_NAME = "$(TARGET_NAME)";
				TEST_HOST = "$(BUILT_PRODUCTS_DIR)/HelloWorld.app/HelloWorld";
			};
			name = Release;
		};
/* End XCBuildConfiguration section */

/* Begin XCConfigurationList section */
		4890FCAD1A6D87E000AF28A9 /* Build configuration list for PBXProject "HelloWorld" */ = {
			isa = XCConfigurationList;
			buildConfigurations = (
				4890FCCF1A6D87E000AF28A9 /* Debug */,
				4890FCD01A6D87E000AF28A9 /* Release */,
			);
			defaultConfigurationIsVisible = 0;
			defaultConfigurationName = Release;
		};
		4890FCD11A6D87E000AF28A9 /* Build configuration list for PBXNativeTarget "HelloWorld" */ = {
			isa = XCConfigurationList;
			buildConfigurations = (
				4890FCD21A6D87E000AF28A9 /* Debug */,
				4890FCD31A6D87E000AF28A9 /* Release */,
			);
			defaultConfigurationIsVisible = 0;
		};
		4890FCD41A6D87E000AF28A9 /* Build configuration list for PBXNativeTarget "HelloWorldTests" */ = {
			isa = XCConfigurationList;
			buildConfigurations = (
				4890FCD51A6D87E000AF28A9 /* Debug */,
				4890FCD61A6D87E000AF28A9 /* Release */,
			);
			defaultConfigurationIsVisible = 0;
		};
/* End XCConfigurationList section */
	};
	rootObject = 4890FCAA1A6D87E000AF28A9 /* Project object */;
}
